
Microsoft Visual Studio Solution File, Format Version 12.00
# Visual Studio Version 16
VisualStudioVersion = 16.0.29519.181
MinimumVisualStudioVersion = 10.0.40219.1
Project("{FAE04EC0-301F-11D3-BF4B-00C04F79EFBC}") = "TexEditor", "TexEditor\TexEditor.csproj", "{BC5F00FA-2635-4B29-9EED-8C221B8A9222}"
EndProject
Global
	GlobalSection(SolutionConfigurationPlatforms) = preSolution
		Debug|Any CPU = Debug|Any CPU
		Release|Any CPU = Release|Any CPU
	EndGlobalSection
	GlobalSection(ProjectConfigurationPlatforms) = postSolution
		{BC5F00FA-2635-4B29-9EED-8C221B8A9222}.Debug|Any CPU.ActiveCfg = Debug|Any CPU
		{BC5F00FA-2635-4B29-9EED-8C221B8A9222}.Debug|Any CPU.Build.0 = Debug|Any CPU
		{BC5F00FA-2635-4B29-9EED-8C221B8A9222}.Release|Any CPU.ActiveCfg = Release|Any CPU
		{BC5F00FA-2635-4B29-9EED-8C221B8A9222}.Release|Any CPU.Build.0 = Release|Any CPU
	EndGlobalSection
	GlobalSection(SolutionProperties) = preSolution
		HideSolutionNode = FALSE
	EndGlobalSection
	GlobalSection(ExtensibilityGlobals) = postSolution
		SolutionGuid = {1C2BF316-A7F2-4477-A4C5-60869AC58072}
	EndGlobalSection
EndGlobal
